
Microsoft Visual Studio Solution File, Format Version 12.00
# Visual Studio Version 16
VisualStudioVersion = 16.0.30907.101
MinimumVisualStudioVersion = 10.0.40219.1
Project("{FAE04EC0-301F-11D3-BF4B-00C04F79EFBC}") = "ApredendoTecnicasHackingtank", "ApredendoTecnicasHackingtank\ApredendoTecnicasHackingtank.csproj", "{F2630C34-3779-4A59-9B7F-3B1FC65A2866}"
EndProject
Global
	GlobalSection(SolutionConfigurationPlatforms) = preSolution
		Debug|Any CPU = Debug|Any CPU
		Release|Any CPU = Release|Any CPU
	EndGlobalSection
	GlobalSection(ProjectConfigurationPlatforms) = postSolution
		{F2630C34-3779-4A59-9B7F-3B1FC65A2866}.Debug|Any CPU.ActiveCfg = Debug|Any CPU
		{F2630C34-3779-4A59-9B7F-3B1FC65A2866}.Debug|Any CPU.Build.0 = Debug|Any CPU
		{F2630C34-3779-4A59-9B7F-3B1FC65A2866}.Release|Any CPU.ActiveCfg = Release|Any CPU
		{F2630C34-3779-4A59-9B7F-3B1FC65A2866}.Release|Any CPU.Build.0 = Release|Any CPU
	EndGlobalSection
	GlobalSection(SolutionProperties) = preSolution
		HideSolutionNode = FALSE
	EndGlobalSection
	GlobalSection(ExtensibilityGlobals) = postSolution
		SolutionGuid = {1F16A1A5-2554-4795-BC05-D78206ED8AA1}
	EndGlobalSection
EndGlobal
